{
  "originHash" : "74518be38e76f3b8a23f9d75e8a5c08f0621cfb549e4ca950407eb1e0cdfafc2",
  "pins" : [
    {
      "identity" : "capacitor-swift-pm",
      "kind" : "remoteSourceControl",
      "location" : "https://github.com/ionic-team/capacitor-swift-pm.git",
      "state" : {
        "revision" : "3e7ccfb8ab4d321ffcbd4e490234758e139f8a09",
        "version" : "8.0.1"
      }
    }
  ],
  "version" : 3
}
